
Microsoft Visual Studio Solution File, Format Version 12.00
# Visual Studio Version 17
VisualStudioVersion = 17.5.2.0
MinimumVisualStudioVersion = 10.0.40219.1
Project("{FAE04EC0-301F-11D3-BF4B-00C04F79EFBC}") = "Venice.Orders.Domain", "Venice.Orders.Domain\Venice.Orders.Domain.csproj", "{CABB4E4C-7275-309C-D286-160BFFC6FFC1}"
EndProject
Project("{FAE04EC0-301F-11D3-BF4B-00C04F79EFBC}") = "Venice.Orders.Application", "Venice.Orders.Application\Venice.Orders.Application.csproj", "{7E258680-A502-4173-BB36-2C96AA4E229E}"
EndProject
Project("{FAE04EC0-301F-11D3-BF4B-00C04F79EFBC}") = "Venice.Orders.Api", "Venice.Orders.Api\Venice.Orders.Api.csproj", "{74C73EF6-C3EA-4E6C-9327-3912DFEFABA1}"
EndProject
Project("{FAE04EC0-301F-11D3-BF4B-00C04F79EFBC}") = "Venice.Orders.Infra.Data", "Venice.Orders.Infra.Data\Venice.Orders.Infra.Data.csproj", "{56D3FA5E-BF94-4F2E-BE30-C37E32FF60DE}"
EndProject
Project("{FAE04EC0-301F-11D3-BF4B-00C04F79EFBC}") = "Venice.Orders.Infra.Data.Sql", "Venice.Orders.Infra.Data.Sql\Venice.Orders.Infra.Data.Sql.csproj", "{C4D7C5ED-FA61-4D65-B2F7-8B89A984062B}"
EndProject
Project("{FAE04EC0-301F-11D3-BF4B-00C04F79EFBC}") = "Venice.Orders.Infra.Data.NoSql", "Venice.Orders.Infra.Data.NoSql\Venice.Orders.Infra.Data.NoSql.csproj", "{81E4FF40-7FE1-41E2-A23A-3F4CC84C9891}"
EndProject
Project("{FAE04EC0-301F-11D3-BF4B-00C04F79EFBC}") = "Venice.Orders.Infra.Messaging", "Venice.Orders.Infra.Messaging\Venice.Orders.Infra.Messaging.csproj", "{C2730825-8759-480C-9DA4-E89FC32A39DB}"
EndProject
Global
	GlobalSection(SolutionConfigurationPlatforms) = preSolution
		Debug|Any CPU = Debug|Any CPU
		Debug|x64 = Debug|x64
		Debug|x86 = Debug|x86
		Release|Any CPU = Release|Any CPU
		Release|x64 = Release|x64
		Release|x86 = Release|x86
	EndGlobalSection
	GlobalSection(ProjectConfigurationPlatforms) = postSolution
		{CABB4E4C-7275-309C-D286-160BFFC6FFC1}.Debug|Any CPU.ActiveCfg = Debug|Any CPU
		{CABB4E4C-7275-309C-D286-160BFFC6FFC1}.Debug|Any CPU.Build.0 = Debug|Any CPU
		{CABB4E4C-7275-309C-D286-160BFFC6FFC1}.Debug|x64.ActiveCfg = Debug|Any CPU
		{CABB4E4C-7275-309C-D286-160BFFC6FFC1}.Debug|x64.Build.0 = Debug|Any CPU
		{CABB4E4C-7275-309C-D286-160BFFC6FFC1}.Debug|x86.ActiveCfg = Debug|Any CPU
		{CABB4E4C-7275-309C-D286-160BFFC6FFC1}.Debug|x86.Build.0 = Debug|Any CPU
		{CABB4E4C-7275-309C-D286-160BFFC6FFC1}.Release|Any CPU.ActiveCfg = Release|Any CPU
		{CABB4E4C-7275-309C-D286-160BFFC6FFC1}.Release|Any CPU.Build.0 = Release|Any CPU
		{CABB4E4C-7275-309C-D286-160BFFC6FFC1}.Release|x64.ActiveCfg = Release|Any CPU
		{CABB4E4C-7275-309C-D286-160BFFC6FFC1}.Release|x64.Build.0 = Release|Any CPU
		{CABB4E4C-7275-309C-D286-160BFFC6FFC1}.Release|x86.ActiveCfg = Release|Any CPU
		{CABB4E4C-7275-309C-D286-160BFFC6FFC1}.Release|x86.Build.0 = Release|Any CPU
		{7E258680-A502-4173-BB36-2C96AA4E229E}.Debug|Any CPU.ActiveCfg = Debug|Any CPU
		{7E258680-A502-4173-BB36-2C96AA4E229E}.Debug|Any CPU.Build.0 = Debug|Any CPU
		{7E258680-A502-4173-BB36-2C96AA4E229E}.Debug|x64.ActiveCfg = Debug|Any CPU
		{7E258680-A502-4173-BB36-2C96AA4E229E}.Debug|x64.Build.0 = Debug|Any CPU
		{7E258680-A502-4173-BB36-2C96AA4E229E}.Debug|x86.ActiveCfg = Debug|Any CPU
		{7E258680-A502-4173-BB36-2C96AA4E229E}.Debug|x86.Build.0 = Debug|Any CPU
		{7E258680-A502-4173-BB36-2C96AA4E229E}.Release|Any CPU.ActiveCfg = Release|Any CPU
		{7E258680-A502-4173-BB36-2C96AA4E229E}.Release|Any CPU.Build.0 = Release|Any CPU
		{7E258680-A502-4173-BB36-2C96AA4E229E}.Release|x64.ActiveCfg = Release|Any CPU
		{7E258680-A502-4173-BB36-2C96AA4E229E}.Release|x64.Build.0 = Release|Any CPU
		{7E258680-A502-4173-BB36-2C96AA4E229E}.Release|x86.ActiveCfg = Release|Any CPU
		{7E258680-A502-4173-BB36-2C96AA4E229E}.Release|x86.Build.0 = Release|Any CPU
		{74C73EF6-C3EA-4E6C-9327-3912DFEFABA1}.Debug|Any CPU.ActiveCfg = Debug|Any CPU
		{74C73EF6-C3EA-4E6C-9327-3912DFEFABA1}.Debug|Any CPU.Build.0 = Debug|Any CPU
		{74C73EF6-C3EA-4E6C-9327-3912DFEFABA1}.Debug|x64.ActiveCfg = Debug|Any CPU
		{74C73EF6-C3EA-4E6C-9327-3912DFEFABA1}.Debug|x64.Build.0 = Debug|Any CPU
		{74C73EF6-C3EA-4E6C-9327-3912DFEFABA1}.Debug|x86.ActiveCfg = Debug|Any CPU
		{74C73EF6-C3EA-4E6C-9327-3912DFEFABA1}.Debug|x86.Build.0 = Debug|Any CPU
		{74C73EF6-C3EA-4E6C-9327-3912DFEFABA1}.Release|Any CPU.ActiveCfg = Release|Any CPU
		{74C73EF6-C3EA-4E6C-9327-3912DFEFABA1}.Release|Any CPU.Build.0 = Release|Any CPU
		{74C73EF6-C3EA-4E6C-9327-3912DFEFABA1}.Release|x64.ActiveCfg = Release|Any CPU
		{74C73EF6-C3EA-4E6C-9327-3912DFEFABA1}.Release|x64.Build.0 = Release|Any CPU
		{74C73EF6-C3EA-4E6C-9327-3912DFEFABA1}.Release|x86.ActiveCfg = Release|Any CPU
		{74C73EF6-C3EA-4E6C-9327-3912DFEFABA1}.Release|x86.Build.0 = Release|Any CPU
		{56D3FA5E-BF94-4F2E-BE30-C37E32FF60DE}.Debug|Any CPU.ActiveCfg = Debug|Any CPU
		{56D3FA5E-BF94-4F2E-BE30-C37E32FF60DE}.Debug|Any CPU.Build.0 = Debug|Any CPU
		{56D3FA5E-BF94-4F2E-BE30-C37E32FF60DE}.Debug|x64.ActiveCfg = Debug|Any CPU
		{56D3FA5E-BF94-4F2E-BE30-C37E32FF60DE}.Debug|x64.Build.0 = Debug|Any CPU
		{56D3FA5E-BF94-4F2E-BE30-C37E32FF60DE}.Debug|x86.ActiveCfg = Debug|Any CPU
		{56D3FA5E-BF94-4F2E-BE30-C37E32FF60DE}.Debug|x86.Build.0 = Debug|Any CPU
		{56D3FA5E-BF94-4F2E-BE30-C37E32FF60DE}.Release|Any CPU.ActiveCfg = Release|Any CPU
		{56D3FA5E-BF94-4F2E-BE30-C37E32FF60DE}.Release|Any CPU.Build.0 = Release|Any CPU
		{56D3FA5E-BF94-4F2E-BE30-C37E32FF60DE}.Release|x64.ActiveCfg = Release|Any CPU
		{56D3FA5E-BF94-4F2E-BE30-C37E32FF60DE}.Release|x64.Build.0 = Release|Any CPU
		{56D3FA5E-BF94-4F2E-BE30-C37E32FF60DE}.Release|x86.ActiveCfg = Release|Any CPU
		{56D3FA5E-BF94-4F2E-BE30-C37E32FF60DE}.Release|x86.Build.0 = Release|Any CPU
		{C4D7C5ED-FA61-4D65-B2F7-8B89A984062B}.Debug|Any CPU.ActiveCfg = Debug|Any CPU
		{C4D7C5ED-FA61-4D65-B2F7-8B89A984062B}.Debug|Any CPU.Build.0 = Debug|Any CPU
		{C4D7C5ED-FA61-4D65-B2F7-8B89A984062B}.Debug|x64.ActiveCfg = Debug|Any CPU
		{C4D7C5ED-FA61-4D65-B2F7-8B89A984062B}.Debug|x64.Build.0 = Debug|Any CPU
		{C4D7C5ED-FA61-4D65-B2F7-8B89A984062B}.Debug|x86.ActiveCfg = Debug|Any CPU
		{C4D7C5ED-FA61-4D65-B2F7-8B89A984062B}.Debug|x86.Build.0 = Debug|Any CPU
		{C4D7C5ED-FA61-4D65-B2F7-8B89A984062B}.Release|Any CPU.ActiveCfg = Release|Any CPU
		{C4D7C5ED-FA61-4D65-B2F7-8B89A984062B}.Release|Any CPU.Build.0 = Release|Any CPU
		{C4D7C5ED-FA61-4D65-B2F7-8B89A984062B}.Release|x64.ActiveCfg = Release|Any CPU
		{C4D7C5ED-FA61-4D65-B2F7-8B89A984062B}.Release|x64.Build.0 = Release|Any CPU
		{C4D7C5ED-FA61-4D65-B2F7-8B89A984062B}.Release|x86.ActiveCfg = Release|Any CPU
		{C4D7C5ED-FA61-4D65-B2F7-8B89A984062B}.Release|x86.Build.0 = Release|Any CPU
		{81E4FF40-7FE1-41E2-A23A-3F4CC84C9891}.Debug|Any CPU.ActiveCfg = Debug|Any CPU
		{81E4FF40-7FE1-41E2-A23A-3F4CC84C9891}.Debug|Any CPU.Build.0 = Debug|Any CPU
		{81E4FF40-7FE1-41E2-A23A-3F4CC84C9891}.Debug|x64.ActiveCfg = Debug|Any CPU
		{81E4FF40-7FE1-41E2-A23A-3F4CC84C9891}.Debug|x64.Build.0 = Debug|Any CPU
		{81E4FF40-7FE1-41E2-A23A-3F4CC84C9891}.Debug|x86.ActiveCfg = Debug|Any CPU
		{81E4FF40-7FE1-41E2-A23A-3F4CC84C9891}.Debug|x86.Build.0 = Debug|Any CPU
		{81E4FF40-7FE1-41E2-A23A-3F4CC84C9891}.Release|Any CPU.ActiveCfg = Release|Any CPU
		{81E4FF40-7FE1-41E2-A23A-3F4CC84C9891}.Release|Any CPU.Build.0 = Release|Any CPU
		{81E4FF40-7FE1-41E2-A23A-3F4CC84C9891}.Release|x64.ActiveCfg = Release|Any CPU
		{81E4FF40-7FE1-41E2-A23A-3F4CC84C9891}.Release|x64.Build.0 = Release|Any CPU
		{81E4FF40-7FE1-41E2-A23A-3F4CC84C9891}.Release|x86.ActiveCfg = Release|Any CPU
		{81E4FF40-7FE1-41E2-A23A-3F4CC84C9891}.Release|x86.Build.0 = Release|Any CPU
		{C2730825-8759-480C-9DA4-E89FC32A39DB}.Debug|Any CPU.ActiveCfg = Debug|Any CPU
		{C2730825-8759-480C-9DA4-E89FC32A39DB}.Debug|Any CPU.Build.0 = Debug|Any CPU
		{C2730825-8759-480C-9DA4-E89FC32A39DB}.Debug|x64.ActiveCfg = Debug|Any CPU
		{C2730825-8759-480C-9DA4-E89FC32A39DB}.Debug|x64.Build.0 = Debug|Any CPU
		{C2730825-8759-480C-9DA4-E89FC32A39DB}.Debug|x86.ActiveCfg = Debug|Any CPU
		{C2730825-8759-480C-9DA4-E89FC32A39DB}.Debug|x86.Build.0 = Debug|Any CPU
		{C2730825-8759-480C-9DA4-E89FC32A39DB}.Release|Any CPU.ActiveCfg = Release|Any CPU
		{C2730825-8759-480C-9DA4-E89FC32A39DB}.Release|Any CPU.Build.0 = Release|Any CPU
		{C2730825-8759-480C-9DA4-E89FC32A39DB}.Release|x64.ActiveCfg = Release|Any CPU
		{C2730825-8759-480C-9DA4-E89FC32A39DB}.Release|x64.Build.0 = Release|Any CPU
		{C2730825-8759-480C-9DA4-E89FC32A39DB}.Release|x86.ActiveCfg = Release|Any CPU
		{C2730825-8759-480C-9DA4-E89FC32A39DB}.Release|x86.Build.0 = Release|Any CPU
	EndGlobalSection
	GlobalSection(SolutionProperties) = preSolution
		HideSolutionNode = FALSE
	EndGlobalSection
	GlobalSection(ExtensibilityGlobals) = postSolution
		SolutionGuid = {D516FA6C-8A17-40EF-97E0-674E642DD3E0}
	EndGlobalSection
EndGlobal
